
Microsoft Visual Studio Solution File, Format Version 12.00
# Visual Studio Version 17
VisualStudioVersion = 17.13.35931.197
MinimumVisualStudioVersion = 10.0.40219.1
Project("{FAE04EC0-301F-11D3-BF4B-00C04F79EFBC}") = "ApiGateway", "src\ApiGateway\ApiGateway.csproj", "{DCFB1FC7-07CA-4B70-9F27-352EBBB9F40F}"
EndProject
Project("{FAE04EC0-301F-11D3-BF4B-00C04F79EFBC}") = "ProductService.API", "src\ProductService\ProductService.API\ProductService.API.csproj", "{A32F825E-1D0D-9E64-9FA3-3F81C88CEFFF}"
EndProject
Project("{FAE04EC0-301F-11D3-BF4B-00C04F79EFBC}") = "ProductService.Application", "src\ProductService\ProductService.Application\ProductService.Application.csproj", "{B49F925B-EF53-7BE6-ECC0-43F6592CE422}"
EndProject
Project("{FAE04EC0-301F-11D3-BF4B-00C04F79EFBC}") = "ProductService.Infrastructure", "src\ProductService\ProductService.Infrastructure\ProductService.Infrastructure.csproj", "{784FFABB-8A19-C5FA-94EB-B5DA8FEF770E}"
EndProject
Project("{2150E333-8FDC-42A3-9474-1A3956D46DE8}") = "ProductService", "ProductService", "{F34E43FA-627A-8966-7BCB-0DBE3D5440B1}"
EndProject
Project("{2150E333-8FDC-42A3-9474-1A3956D46DE8}") = "InventoryService", "InventoryService", "{F1000001-0000-0000-0000-000000000001}"
EndProject
Project("{2150E333-8FDC-42A3-9474-1A3956D46DE8}") = "NotificationService", "NotificationService", "{F1000004-0000-0000-0000-000000000004}"
EndProject
Project("{2150E333-8FDC-42A3-9474-1A3956D46DE8}") = "OrderService", "OrderService", "{F1000002-0000-0000-0000-000000000002}"
EndProject
Project("{2150E333-8FDC-42A3-9474-1A3956D46DE8}") = "UserService", "UserService", "{F1000003-0000-0000-0000-000000000003}"
EndProject
Project("{FAE04EC0-301F-11D3-BF4B-00C04F79EFBC}") = "OrderService.API", "src\OrderService\OrderService.API\OrderService.API.csproj", "{36AA622B-6AF4-2E00-C5D6-8F96AF8175B0}"
EndProject
Project("{FAE04EC0-301F-11D3-BF4B-00C04F79EFBC}") = "NotificationService.API", "src\NotificationService\NotificationService.API\NotificationService.API.csproj", "{933F8974-1F68-1DC1-0C69-7C51A3F0CD9F}"
EndProject
Project("{FAE04EC0-301F-11D3-BF4B-00C04F79EFBC}") = "UserService.API", "src\UserService\UserService.API\UserService.API.csproj", "{18265531-95F8-CE88-EF87-E4F19BA2B449}"
EndProject
Project("{FAE04EC0-301F-11D3-BF4B-00C04F79EFBC}") = "InventoryService.API", "src\InventoryService\InventoryService.API\InventoryService.API.csproj", "{FCE0C33A-CD81-9499-C412-6C6492366A88}"
EndProject
Project("{FAE04EC0-301F-11D3-BF4B-00C04F79EFBC}") = "InventoryService.Application", "src\InventoryService\InventoryService.Application\InventoryService.Application.csproj", "{60AA1C18-477B-516D-FFED-ACDE2AE47512}"
EndProject
Project("{FAE04EC0-301F-11D3-BF4B-00C04F79EFBC}") = "InventoryService.Infrastructure", "src\InventoryService\InventoryService.Infrastructure\InventoryService.Infrastructure.csproj", "{D52DF898-A6A4-F120-C15F-ACD6774D28CC}"
EndProject
Project("{FAE04EC0-301F-11D3-BF4B-00C04F79EFBC}") = "NotificationService.Application", "src\NotificationService\NotificationService.Application\NotificationService.Application.csproj", "{882EB448-8203-40E3-91B7-ED40C324E30B}"
EndProject
Project("{FAE04EC0-301F-11D3-BF4B-00C04F79EFBC}") = "NotificationService.Infrastructure", "src\NotificationService\NotificationService.Infrastructure\NotificationService.Infrastructure.csproj", "{2254BBFE-4115-40D4-BDAE-6DEB8B8B4D13}"
EndProject
Project("{FAE04EC0-301F-11D3-BF4B-00C04F79EFBC}") = "OrderService.Infrastructure", "src\OrderService\OrderService.Infrastructure\OrderService.Infrastructure.csproj", "{F64D8C7D-B294-49E2-A55D-CDC3AED91F4F}"
EndProject
Project("{FAE04EC0-301F-11D3-BF4B-00C04F79EFBC}") = "OrderService.Application", "src\OrderService\OrderService.Application\OrderService.Application.csproj", "{1F4BA3FB-DB0E-4FE9-809A-66C4F4C83B6F}"
EndProject
Project("{FAE04EC0-301F-11D3-BF4B-00C04F79EFBC}") = "UserService.Application", "src\UserService\UserService.Application\UserService.Application.csproj", "{9BBBB016-F2AA-4F6C-B5AF-CE899124E97E}"
EndProject
Project("{FAE04EC0-301F-11D3-BF4B-00C04F79EFBC}") = "UserService.Infrastructure", "src\UserService\UserService.Infrastructure\UserService.Infrastructure.csproj", "{FEFA8D66-9F8A-46ED-925C-040226CE6483}"
EndProject
Global
	GlobalSection(SolutionConfigurationPlatforms) = preSolution
		Debug|Any CPU = Debug|Any CPU
		Release|Any CPU = Release|Any CPU
	EndGlobalSection
	GlobalSection(ProjectConfigurationPlatforms) = postSolution
		{DCFB1FC7-07CA-4B70-9F27-352EBBB9F40F}.Debug|Any CPU.ActiveCfg = Debug|Any CPU
		{DCFB1FC7-07CA-4B70-9F27-352EBBB9F40F}.Debug|Any CPU.Build.0 = Debug|Any CPU
		{DCFB1FC7-07CA-4B70-9F27-352EBBB9F40F}.Release|Any CPU.ActiveCfg = Release|Any CPU
		{DCFB1FC7-07CA-4B70-9F27-352EBBB9F40F}.Release|Any CPU.Build.0 = Release|Any CPU
		{A32F825E-1D0D-9E64-9FA3-3F81C88CEFFF}.Debug|Any CPU.ActiveCfg = Debug|Any CPU
		{A32F825E-1D0D-9E64-9FA3-3F81C88CEFFF}.Debug|Any CPU.Build.0 = Debug|Any CPU
		{A32F825E-1D0D-9E64-9FA3-3F81C88CEFFF}.Release|Any CPU.ActiveCfg = Release|Any CPU
		{A32F825E-1D0D-9E64-9FA3-3F81C88CEFFF}.Release|Any CPU.Build.0 = Release|Any CPU
		{B49F925B-EF53-7BE6-ECC0-43F6592CE422}.Debug|Any CPU.ActiveCfg = Debug|Any CPU
		{B49F925B-EF53-7BE6-ECC0-43F6592CE422}.Debug|Any CPU.Build.0 = Debug|Any CPU
		{B49F925B-EF53-7BE6-ECC0-43F6592CE422}.Release|Any CPU.ActiveCfg = Release|Any CPU
		{B49F925B-EF53-7BE6-ECC0-43F6592CE422}.Release|Any CPU.Build.0 = Release|Any CPU
		{784FFABB-8A19-C5FA-94EB-B5DA8FEF770E}.Debug|Any CPU.ActiveCfg = Debug|Any CPU
		{784FFABB-8A19-C5FA-94EB-B5DA8FEF770E}.Debug|Any CPU.Build.0 = Debug|Any CPU
		{784FFABB-8A19-C5FA-94EB-B5DA8FEF770E}.Release|Any CPU.ActiveCfg = Release|Any CPU
		{784FFABB-8A19-C5FA-94EB-B5DA8FEF770E}.Release|Any CPU.Build.0 = Release|Any CPU
		{36AA622B-6AF4-2E00-C5D6-8F96AF8175B0}.Debug|Any CPU.ActiveCfg = Debug|Any CPU
		{36AA622B-6AF4-2E00-C5D6-8F96AF8175B0}.Debug|Any CPU.Build.0 = Debug|Any CPU
		{36AA622B-6AF4-2E00-C5D6-8F96AF8175B0}.Release|Any CPU.ActiveCfg = Release|Any CPU
		{36AA622B-6AF4-2E00-C5D6-8F96AF8175B0}.Release|Any CPU.Build.0 = Release|Any CPU
		{933F8974-1F68-1DC1-0C69-7C51A3F0CD9F}.Debug|Any CPU.ActiveCfg = Debug|Any CPU
		{933F8974-1F68-1DC1-0C69-7C51A3F0CD9F}.Debug|Any CPU.Build.0 = Debug|Any CPU
		{933F8974-1F68-1DC1-0C69-7C51A3F0CD9F}.Release|Any CPU.ActiveCfg = Release|Any CPU
		{933F8974-1F68-1DC1-0C69-7C51A3F0CD9F}.Release|Any CPU.Build.0 = Release|Any CPU
		{18265531-95F8-CE88-EF87-E4F19BA2B449}.Debug|Any CPU.ActiveCfg = Debug|Any CPU
		{18265531-95F8-CE88-EF87-E4F19BA2B449}.Debug|Any CPU.Build.0 = Debug|Any CPU
		{18265531-95F8-CE88-EF87-E4F19BA2B449}.Release|Any CPU.ActiveCfg = Release|Any CPU
		{18265531-95F8-CE88-EF87-E4F19BA2B449}.Release|Any CPU.Build.0 = Release|Any CPU
		{FCE0C33A-CD81-9499-C412-6C6492366A88}.Debug|Any CPU.ActiveCfg = Debug|Any CPU
		{FCE0C33A-CD81-9499-C412-6C6492366A88}.Debug|Any CPU.Build.0 = Debug|Any CPU
		{FCE0C33A-CD81-9499-C412-6C6492366A88}.Release|Any CPU.ActiveCfg = Release|Any CPU
		{FCE0C33A-CD81-9499-C412-6C6492366A88}.Release|Any CPU.Build.0 = Release|Any CPU
		{60AA1C18-477B-516D-FFED-ACDE2AE47512}.Debug|Any CPU.ActiveCfg = Debug|Any CPU
		{60AA1C18-477B-516D-FFED-ACDE2AE47512}.Debug|Any CPU.Build.0 = Debug|Any CPU
		{60AA1C18-477B-516D-FFED-ACDE2AE47512}.Release|Any CPU.ActiveCfg = Release|Any CPU
		{60AA1C18-477B-516D-FFED-ACDE2AE47512}.Release|Any CPU.Build.0 = Release|Any CPU
		{D52DF898-A6A4-F120-C15F-ACD6774D28CC}.Debug|Any CPU.ActiveCfg = Debug|Any CPU
		{D52DF898-A6A4-F120-C15F-ACD6774D28CC}.Debug|Any CPU.Build.0 = Debug|Any CPU
		{D52DF898-A6A4-F120-C15F-ACD6774D28CC}.Release|Any CPU.ActiveCfg = Release|Any CPU
		{D52DF898-A6A4-F120-C15F-ACD6774D28CC}.Release|Any CPU.Build.0 = Release|Any CPU
		{882EB448-8203-40E3-91B7-ED40C324E30B}.Debug|Any CPU.ActiveCfg = Debug|Any CPU
		{882EB448-8203-40E3-91B7-ED40C324E30B}.Debug|Any CPU.Build.0 = Debug|Any CPU
		{882EB448-8203-40E3-91B7-ED40C324E30B}.Release|Any CPU.ActiveCfg = Release|Any CPU
		{882EB448-8203-40E3-91B7-ED40C324E30B}.Release|Any CPU.Build.0 = Release|Any CPU
		{2254BBFE-4115-40D4-BDAE-6DEB8B8B4D13}.Debug|Any CPU.ActiveCfg = Debug|Any CPU
		{2254BBFE-4115-40D4-BDAE-6DEB8B8B4D13}.Debug|Any CPU.Build.0 = Debug|Any CPU
		{2254BBFE-4115-40D4-BDAE-6DEB8B8B4D13}.Release|Any CPU.ActiveCfg = Release|Any CPU
		{2254BBFE-4115-40D4-BDAE-6DEB8B8B4D13}.Release|Any CPU.Build.0 = Release|Any CPU
		{F64D8C7D-B294-49E2-A55D-CDC3AED91F4F}.Debug|Any CPU.ActiveCfg = Debug|Any CPU
		{F64D8C7D-B294-49E2-A55D-CDC3AED91F4F}.Debug|Any CPU.Build.0 = Debug|Any CPU
		{F64D8C7D-B294-49E2-A55D-CDC3AED91F4F}.Release|Any CPU.ActiveCfg = Release|Any CPU
		{F64D8C7D-B294-49E2-A55D-CDC3AED91F4F}.Release|Any CPU.Build.0 = Release|Any CPU
		{1F4BA3FB-DB0E-4FE9-809A-66C4F4C83B6F}.Debug|Any CPU.ActiveCfg = Debug|Any CPU
		{1F4BA3FB-DB0E-4FE9-809A-66C4F4C83B6F}.Debug|Any CPU.Build.0 = Debug|Any CPU
		{1F4BA3FB-DB0E-4FE9-809A-66C4F4C83B6F}.Release|Any CPU.ActiveCfg = Release|Any CPU
		{1F4BA3FB-DB0E-4FE9-809A-66C4F4C83B6F}.Release|Any CPU.Build.0 = Release|Any CPU
		{9BBBB016-F2AA-4F6C-B5AF-CE899124E97E}.Debug|Any CPU.ActiveCfg = Debug|Any CPU
		{9BBBB016-F2AA-4F6C-B5AF-CE899124E97E}.Debug|Any CPU.Build.0 = Debug|Any CPU
		{9BBBB016-F2AA-4F6C-B5AF-CE899124E97E}.Release|Any CPU.ActiveCfg = Release|Any CPU
		{9BBBB016-F2AA-4F6C-B5AF-CE899124E97E}.Release|Any CPU.Build.0 = Release|Any CPU
		{FEFA8D66-9F8A-46ED-925C-040226CE6483}.Debug|Any CPU.ActiveCfg = Debug|Any CPU
		{FEFA8D66-9F8A-46ED-925C-040226CE6483}.Debug|Any CPU.Build.0 = Debug|Any CPU
		{FEFA8D66-9F8A-46ED-925C-040226CE6483}.Release|Any CPU.ActiveCfg = Release|Any CPU
		{FEFA8D66-9F8A-46ED-925C-040226CE6483}.Release|Any CPU.Build.0 = Release|Any CPU
	EndGlobalSection
	GlobalSection(SolutionProperties) = preSolution
		HideSolutionNode = FALSE
	EndGlobalSection
	GlobalSection(NestedProjects) = preSolution
		{A32F825E-1D0D-9E64-9FA3-3F81C88CEFFF} = {F34E43FA-627A-8966-7BCB-0DBE3D5440B1}
		{B49F925B-EF53-7BE6-ECC0-43F6592CE422} = {F34E43FA-627A-8966-7BCB-0DBE3D5440B1}
		{784FFABB-8A19-C5FA-94EB-B5DA8FEF770E} = {F34E43FA-627A-8966-7BCB-0DBE3D5440B1}
		{36AA622B-6AF4-2E00-C5D6-8F96AF8175B0} = {F1000002-0000-0000-0000-000000000002}
		{933F8974-1F68-1DC1-0C69-7C51A3F0CD9F} = {F1000004-0000-0000-0000-000000000004}
		{18265531-95F8-CE88-EF87-E4F19BA2B449} = {F1000003-0000-0000-0000-000000000003}
		{FCE0C33A-CD81-9499-C412-6C6492366A88} = {F1000001-0000-0000-0000-000000000001}
		{60AA1C18-477B-516D-FFED-ACDE2AE47512} = {F1000001-0000-0000-0000-000000000001}
		{D52DF898-A6A4-F120-C15F-ACD6774D28CC} = {F1000001-0000-0000-0000-000000000001}
		{882EB448-8203-40E3-91B7-ED40C324E30B} = {F1000004-0000-0000-0000-000000000004}
		{2254BBFE-4115-40D4-BDAE-6DEB8B8B4D13} = {F1000004-0000-0000-0000-000000000004}
		{F64D8C7D-B294-49E2-A55D-CDC3AED91F4F} = {F1000002-0000-0000-0000-000000000002}
		{1F4BA3FB-DB0E-4FE9-809A-66C4F4C83B6F} = {F1000002-0000-0000-0000-000000000002}
		{9BBBB016-F2AA-4F6C-B5AF-CE899124E97E} = {F1000003-0000-0000-0000-000000000003}
		{FEFA8D66-9F8A-46ED-925C-040226CE6483} = {F1000003-0000-0000-0000-000000000003}
	EndGlobalSection
	GlobalSection(ExtensibilityGlobals) = postSolution
		SolutionGuid = {A0F29420-F71F-40A1-BF64-4065A917B2BE}
		        SolutionGuid = {90CB50DE-0D52-47F1-A5E3-B75B83AD37DD}
	EndGlobalSection
EndGlobal
